
Microsoft Visual Studio Solution File, Format Version 12.00
# Visual Studio Version 16
VisualStudioVersion = 16.0.29806.167
MinimumVisualStudioVersion = 10.0.40219.1
Project("{FAE04EC0-301F-11D3-BF4B-00C04F79EFBC}") = "ImaginariaSalaryCalculator", "src\ImaginariaSalaryCalculator\ImaginariaSalaryCalculator.csproj", "{A7EB2602-2291-4B05-8247-B42FB4F3D501}"
EndProject
Project("{2150E333-8FDC-42A3-9474-1A3956D46DE8}") = "src", "src", "{AFD7230B-5792-4880-8090-B24764A3FBE7}"
EndProject
Project("{2150E333-8FDC-42A3-9474-1A3956D46DE8}") = "tests", "tests", "{6E008CB0-F400-4EC7-A50F-3D76CE1641D3}"
EndProject
Project("{2150E333-8FDC-42A3-9474-1A3956D46DE8}") = "Services", "Services", "{F62E1800-FA95-49AE-866D-8AFAEA795FEF}"
EndProject
Project("{FAE04EC0-301F-11D3-BF4B-00C04F79EFBC}") = "NetSalaryCalculators", "src\Services\NetSalaryCalculators\NetSalaryCalculators.csproj", "{5C6A1866-ED16-4F01-A7B9-636E15BD56AF}"
EndProject
Project("{2150E333-8FDC-42A3-9474-1A3956D46DE8}") = "Contracts", "Contracts", "{3BF28D7B-6ADF-4832-A59F-C5EEF4FFC8FD}"
EndProject
Project("{FAE04EC0-301F-11D3-BF4B-00C04F79EFBC}") = "NetSalaryContracts", "src\Contracts\NetSalaryContracts\NetSalaryContracts.csproj", "{6E74A6CB-076C-479C-AF5C-F0C21F088F66}"
EndProject
Project("{2150E333-8FDC-42A3-9474-1A3956D46DE8}") = "Models", "Models", "{74960C58-C91A-4BD5-8784-7419AE44BD0E}"
EndProject
Project("{FAE04EC0-301F-11D3-BF4B-00C04F79EFBC}") = "TaxableModels", "src\Models\TaxableModels\TaxableModels.csproj", "{157FB3DC-975B-450E-A61A-1F68FDD27278}"
EndProject
Project("{2150E333-8FDC-42A3-9474-1A3956D46DE8}") = "Helpers", "Helpers", "{E37218CA-04C6-4094-823A-3E2DB223A0C9}"
EndProject
Project("{FAE04EC0-301F-11D3-BF4B-00C04F79EFBC}") = "BaseTypeExtensions", "src\Helpers\BaseTypeExtensions\BaseTypeExtensions.csproj", "{C49FC73A-46A2-48BC-AA33-8AD6FE468AE0}"
EndProject
Project("{2150E333-8FDC-42A3-9474-1A3956D46DE8}") = "Configurations", "Configurations", "{3F8C0C43-E4CD-4DF0-BD3B-D12826C89C51}"
EndProject
Project("{FAE04EC0-301F-11D3-BF4B-00C04F79EFBC}") = "TaxConfigs", "src\Configurations\TaxConfigs\TaxConfigs.csproj", "{288B7808-EE46-4199-8D5C-370249D89389}"
EndProject
Project("{FAE04EC0-301F-11D3-BF4B-00C04F79EFBC}") = "Services.UnitTests", "tests\Services.UnitTests\Services.UnitTests.csproj", "{DE96A406-585D-4C29-8545-079639374054}"
EndProject
Project("{FAE04EC0-301F-11D3-BF4B-00C04F79EFBC}") = "Helpers.UnitTests", "tests\Helpers.UnitTests\Helpers.UnitTests.csproj", "{C59AF712-44C8-41EA-B740-42AAF53B31E6}"
EndProject
Global
	GlobalSection(SolutionConfigurationPlatforms) = preSolution
		Debug|Any CPU = Debug|Any CPU
		Release|Any CPU = Release|Any CPU
	EndGlobalSection
	GlobalSection(ProjectConfigurationPlatforms) = postSolution
		{A7EB2602-2291-4B05-8247-B42FB4F3D501}.Debug|Any CPU.ActiveCfg = Debug|Any CPU
		{A7EB2602-2291-4B05-8247-B42FB4F3D501}.Debug|Any CPU.Build.0 = Debug|Any CPU
		{A7EB2602-2291-4B05-8247-B42FB4F3D501}.Release|Any CPU.ActiveCfg = Release|Any CPU
		{A7EB2602-2291-4B05-8247-B42FB4F3D501}.Release|Any CPU.Build.0 = Release|Any CPU
		{5C6A1866-ED16-4F01-A7B9-636E15BD56AF}.Debug|Any CPU.ActiveCfg = Debug|Any CPU
		{5C6A1866-ED16-4F01-A7B9-636E15BD56AF}.Debug|Any CPU.Build.0 = Debug|Any CPU
		{5C6A1866-ED16-4F01-A7B9-636E15BD56AF}.Release|Any CPU.ActiveCfg = Release|Any CPU
		{5C6A1866-ED16-4F01-A7B9-636E15BD56AF}.Release|Any CPU.Build.0 = Release|Any CPU
		{6E74A6CB-076C-479C-AF5C-F0C21F088F66}.Debug|Any CPU.ActiveCfg = Debug|Any CPU
		{6E74A6CB-076C-479C-AF5C-F0C21F088F66}.Debug|Any CPU.Build.0 = Debug|Any CPU
		{6E74A6CB-076C-479C-AF5C-F0C21F088F66}.Release|Any CPU.ActiveCfg = Release|Any CPU
		{6E74A6CB-076C-479C-AF5C-F0C21F088F66}.Release|Any CPU.Build.0 = Release|Any CPU
		{157FB3DC-975B-450E-A61A-1F68FDD27278}.Debug|Any CPU.ActiveCfg = Debug|Any CPU
		{157FB3DC-975B-450E-A61A-1F68FDD27278}.Debug|Any CPU.Build.0 = Debug|Any CPU
		{157FB3DC-975B-450E-A61A-1F68FDD27278}.Release|Any CPU.ActiveCfg = Release|Any CPU
		{157FB3DC-975B-450E-A61A-1F68FDD27278}.Release|Any CPU.Build.0 = Release|Any CPU
		{C49FC73A-46A2-48BC-AA33-8AD6FE468AE0}.Debug|Any CPU.ActiveCfg = Debug|Any CPU
		{C49FC73A-46A2-48BC-AA33-8AD6FE468AE0}.Debug|Any CPU.Build.0 = Debug|Any CPU
		{C49FC73A-46A2-48BC-AA33-8AD6FE468AE0}.Release|Any CPU.ActiveCfg = Release|Any CPU
		{C49FC73A-46A2-48BC-AA33-8AD6FE468AE0}.Release|Any CPU.Build.0 = Release|Any CPU
		{288B7808-EE46-4199-8D5C-370249D89389}.Debug|Any CPU.ActiveCfg = Debug|Any CPU
		{288B7808-EE46-4199-8D5C-370249D89389}.Debug|Any CPU.Build.0 = Debug|Any CPU
		{288B7808-EE46-4199-8D5C-370249D89389}.Release|Any CPU.ActiveCfg = Release|Any CPU
		{288B7808-EE46-4199-8D5C-370249D89389}.Release|Any CPU.Build.0 = Release|Any CPU
		{DE96A406-585D-4C29-8545-079639374054}.Debug|Any CPU.ActiveCfg = Debug|Any CPU
		{DE96A406-585D-4C29-8545-079639374054}.Debug|Any CPU.Build.0 = Debug|Any CPU
		{DE96A406-585D-4C29-8545-079639374054}.Release|Any CPU.ActiveCfg = Release|Any CPU
		{DE96A406-585D-4C29-8545-079639374054}.Release|Any CPU.Build.0 = Release|Any CPU
		{C59AF712-44C8-41EA-B740-42AAF53B31E6}.Debug|Any CPU.ActiveCfg = Debug|Any CPU
		{C59AF712-44C8-41EA-B740-42AAF53B31E6}.Debug|Any CPU.Build.0 = Debug|Any CPU
		{C59AF712-44C8-41EA-B740-42AAF53B31E6}.Release|Any CPU.ActiveCfg = Release|Any CPU
		{C59AF712-44C8-41EA-B740-42AAF53B31E6}.Release|Any CPU.Build.0 = Release|Any CPU
	EndGlobalSection
	GlobalSection(SolutionProperties) = preSolution
		HideSolutionNode = FALSE
	EndGlobalSection
	GlobalSection(NestedProjects) = preSolution
		{A7EB2602-2291-4B05-8247-B42FB4F3D501} = {AFD7230B-5792-4880-8090-B24764A3FBE7}
		{F62E1800-FA95-49AE-866D-8AFAEA795FEF} = {AFD7230B-5792-4880-8090-B24764A3FBE7}
		{5C6A1866-ED16-4F01-A7B9-636E15BD56AF} = {F62E1800-FA95-49AE-866D-8AFAEA795FEF}
		{3BF28D7B-6ADF-4832-A59F-C5EEF4FFC8FD} = {AFD7230B-5792-4880-8090-B24764A3FBE7}
		{6E74A6CB-076C-479C-AF5C-F0C21F088F66} = {3BF28D7B-6ADF-4832-A59F-C5EEF4FFC8FD}
		{74960C58-C91A-4BD5-8784-7419AE44BD0E} = {AFD7230B-5792-4880-8090-B24764A3FBE7}
		{157FB3DC-975B-450E-A61A-1F68FDD27278} = {74960C58-C91A-4BD5-8784-7419AE44BD0E}
		{E37218CA-04C6-4094-823A-3E2DB223A0C9} = {AFD7230B-5792-4880-8090-B24764A3FBE7}
		{C49FC73A-46A2-48BC-AA33-8AD6FE468AE0} = {E37218CA-04C6-4094-823A-3E2DB223A0C9}
		{3F8C0C43-E4CD-4DF0-BD3B-D12826C89C51} = {AFD7230B-5792-4880-8090-B24764A3FBE7}
		{288B7808-EE46-4199-8D5C-370249D89389} = {3F8C0C43-E4CD-4DF0-BD3B-D12826C89C51}
		{DE96A406-585D-4C29-8545-079639374054} = {6E008CB0-F400-4EC7-A50F-3D76CE1641D3}
		{C59AF712-44C8-41EA-B740-42AAF53B31E6} = {6E008CB0-F400-4EC7-A50F-3D76CE1641D3}
	EndGlobalSection
	GlobalSection(ExtensibilityGlobals) = postSolution
		SolutionGuid = {4CF43E69-2BCD-4807-A392-5FE90D704DAE}
	EndGlobalSection
EndGlobal
